// !$*UTF8*$!
{
	archiveVersion = 1;
	classes = {
	};
	objectVersion = 55;
	objects = {

/* Begin PBXBuildFile section */
		A35DFAA928036870000D9531 /* AppDelegate.swift in Sources */ = {isa = PBXBuildFile; fileRef = A35DFAA828036870000D9531 /* AppDelegate.swift */; };
		A35DFAAB28036870000D9531 /* SceneDelegate.swift in Sources */ = {isa = PBXBuildFile; fileRef = A35DFAAA28036870000D9531 /* SceneDelegate.swift */; };
		A35DFAB028036870000D9531 /* Main.storyboard in Resources */ = {isa = PBXBuildFile; fileRef = A35DFAAE28036870000D9531 /* Main.storyboard */; };
		A35DFAB228036873000D9531 /* Assets.xcassets in Resources */ = {isa = PBXBuildFile; fileRef = A35DFAB128036873000D9531 /* Assets.xcassets */; };
		A35DFAB528036873000D9531 /* LaunchScreen.storyboard in Resources */ = {isa = PBXBuildFile; fileRef = A35DFAB328036873000D9531 /* LaunchScreen.storyboard */; };
		A35DFABD28036894000D9531 /* AnimateMaanger.swift in Sources */ = {isa = PBXBuildFile; fileRef = A35DFABC28036894000D9531 /* AnimateMaanger.swift */; };
		A35DFABF280368A4000D9531 /* PlanetTransitionable.swift in Sources */ = {isa = PBXBuildFile; fileRef = A35DFABE280368A4000D9531 /* PlanetTransitionable.swift */; };
		A35DFAC2280368BA000D9531 /* PlanetsViewController.swift in Sources */ = {isa = PBXBuildFile; fileRef = A35DFAC0280368BA000D9531 /* PlanetsViewController.swift */; };
		A35DFAC8280368EB000D9531 /* PlanetDetailsViewController.swift in Sources */ = {isa = PBXBuildFile; fileRef = A35DFAC6280368EB000D9531 /* PlanetDetailsViewController.swift */; };
		A35DFACD2803691B000D9531 /* PlanetViewCell.xib in Resources */ = {isa = PBXBuildFile; fileRef = A35DFACC2803691B000D9531 /* PlanetViewCell.xib */; };
		A35DFACF28036947000D9531 /* PlanetViewCell.swift in Sources */ = {isa = PBXBuildFile; fileRef = A35DFACE28036947000D9531 /* PlanetViewCell.swift */; };
		A35DFAD128036951000D9531 /* Planet.swift in Sources */ = {isa = PBXBuildFile; fileRef = A35DFAD028036951000D9531 /* Planet.swift */; };
		A35DFAD3280369BE000D9531 /* PlanetViewModel.swift in Sources */ = {isa = PBXBuildFile; fileRef = A35DFAD2280369BE000D9531 /* PlanetViewModel.swift */; };
/* End PBXBuildFile section */

/* Begin PBXFileReference section */
		A35DFAA528036870000D9531 /* animate.app */ = {isa = PBXFileReference; explicitFileType = wrapper.application; includeInIndex = 0; path = animate.app; sourceTree = BUILT_PRODUCTS_DIR; };
		A35DFAA828036870000D9531 /* AppDelegate.swift */ = {isa = PBXFileReference; lastKnownFileType = sourcecode.swift; path = AppDelegate.swift; sourceTree = "<group>"; };
		A35DFAAA28036870000D9531 /* SceneDelegate.swift */ = {isa = PBXFileReference; lastKnownFileType = sourcecode.swift; path = SceneDelegate.swift; sourceTree = "<group>"; };
		A35DFAAF28036870000D9531 /* Base */ = {isa = PBXFileReference; lastKnownFileType = file.storyboard; name = Base; path = Base.lproj/Main.storyboard; sourceTree = "<group>"; };
		A35DFAB128036873000D9531 /* Assets.xcassets */ = {isa = PBXFileReference; lastKnownFileType = folder.assetcatalog; path = Assets.xcassets; sourceTree = "<group>"; };
		A35DFAB428036873000D9531 /* Base */ = {isa = PBXFileReference; lastKnownFileType = file.storyboard; name = Base; path = Base.lproj/LaunchScreen.storyboard; sourceTree = "<group>"; };
		A35DFAB628036873000D9531 /* Info.plist */ = {isa = PBXFileReference; lastKnownFileType = text.plist.xml; path = Info.plist; sourceTree = "<group>"; };
		A35DFABC28036894000D9531 /* AnimateMaanger.swift */ = {isa = PBXFileReference; lastKnownFileType = sourcecode.swift; path = AnimateMaanger.swift; sourceTree = "<group>"; };
		A35DFABE280368A4000D9531 /* PlanetTransitionable.swift */ = {isa = PBXFileReference; lastKnownFileType = sourcecode.swift; path = PlanetTransitionable.swift; sourceTree = "<group>"; };
		A35DFAC0280368BA000D9531 /* PlanetsViewController.swift */ = {isa = PBXFileReference; lastKnownFileType = sourcecode.swift; path = PlanetsViewController.swift; sourceTree = "<group>"; };
		A35DFAC6280368EB000D9531 /* PlanetDetailsViewController.swift */ = {isa = PBXFileReference; lastKnownFileType = sourcecode.swift; path = PlanetDetailsViewController.swift; sourceTree = "<group>"; };
		A35DFACC2803691B000D9531 /* PlanetViewCell.xib */ = {isa = PBXFileReference; lastKnownFileType = file.xib; path = PlanetViewCell.xib; sourceTree = "<group>"; };
		A35DFACE28036947000D9531 /* PlanetViewCell.swift */ = {isa = PBXFileReference; lastKnownFileType = sourcecode.swift; path = PlanetViewCell.swift; sourceTree = "<group>"; };
		A35DFAD028036951000D9531 /* Planet.swift */ = {isa = PBXFileReference; lastKnownFileType = sourcecode.swift; path = Planet.swift; sourceTree = "<group>"; };
		A35DFAD2280369BE000D9531 /* PlanetViewModel.swift */ = {isa = PBXFileReference; lastKnownFileType = sourcecode.swift; path = PlanetViewModel.swift; sourceTree = "<group>"; };
/* End PBXFileReference section */

/* Begin PBXFrameworksBuildPhase section */
		A35DFAA228036870000D9531 /* Frameworks */ = {
			isa = PBXFrameworksBuildPhase;
			buildActionMask = 2147483647;
			files = (
			);
			runOnlyForDeploymentPostprocessing = 0;
		};
/* End PBXFrameworksBuildPhase section */

/* Begin PBXGroup section */
		A35DFA9C28036870000D9531 = {
			isa = PBXGroup;
			children = (
				A35DFAA728036870000D9531 /* animate */,
				A35DFAA628036870000D9531 /* Products */,
			);
			sourceTree = "<group>";
		};
		A35DFAA628036870000D9531 /* Products */ = {
			isa = PBXGroup;
			children = (
				A35DFAA528036870000D9531 /* animate.app */,
			);
			name = Products;
			sourceTree = "<group>";
		};
		A35DFAA728036870000D9531 /* animate */ = {
			isa = PBXGroup;
			children = (
				A35DFADA2804A61C000D9531 /* Resources */,
				A35DFAD92804A5FE000D9531 /* Model */,
				A35DFAD52804A5CF000D9531 /* View */,
				A35DFAD42804A5BC000D9531 /* Animations */,
				A35DFAA828036870000D9531 /* AppDelegate.swift */,
				A35DFAAA28036870000D9531 /* SceneDelegate.swift */,
				A35DFAAE28036870000D9531 /* Main.storyboard */,
			);
			path = animate;
			sourceTree = "<group>";
		};
		A35DFAD42804A5BC000D9531 /* Animations */ = {
			isa = PBXGroup;
			children = (
				A35DFABE280368A4000D9531 /* PlanetTransitionable.swift */,
				A35DFABC28036894000D9531 /* AnimateMaanger.swift */,
			);
			path = Animations;
			sourceTree = "<group>";
		};
		A35DFAD52804A5CF000D9531 /* View */ = {
			isa = PBXGroup;
			children = (
				A35DFAD82804A5F1000D9531 /* Details */,
				A35DFAD72804A5ED000D9531 /* Main */,
			);
			path = View;
			sourceTree = "<group>";
		};
		A35DFAD62804A5D4000D9531 /* Cell */ = {
			isa = PBXGroup;
			children = (
				A35DFACE28036947000D9531 /* PlanetViewCell.swift */,
				A35DFACC2803691B000D9531 /* PlanetViewCell.xib */,
			);
			path = Cell;
			sourceTree = "<group>";
		};
		A35DFAD72804A5ED000D9531 /* Main */ = {
			isa = PBXGroup;
			children = (
				A35DFAC0280368BA000D9531 /* PlanetsViewController.swift */,
				A35DFAD62804A5D4000D9531 /* Cell */,
				A35DFAD2280369BE000D9531 /* PlanetViewModel.swift */,
			);
			path = Main;
			sourceTree = "<group>";
		};
		A35DFAD82804A5F1000D9531 /* Details */ = {
			isa = PBXGroup;
			children = (
				A35DFAC6280368EB000D9531 /* PlanetDetailsViewController.swift */,
			);
			path = Details;
			sourceTree = "<group>";
		};
		A35DFAD92804A5FE000D9531 /* Model */ = {
			isa = PBXGroup;
			children = (
				A35DFAD028036951000D9531 /* Planet.swift */,
			);
			path = Model;
			sourceTree = "<group>";
		};
		A35DFADA2804A61C000D9531 /* Resources */ = {
			isa = PBXGroup;
			children = (
				A35DFAB628036873000D9531 /* Info.plist */,
				A35DFAB328036873000D9531 /* LaunchScreen.storyboard */,
				A35DFAB128036873000D9531 /* Assets.xcassets */,
			);
			path = Resources;
			sourceTree = "<group>";
		};
/* End PBXGroup section */

/* Begin PBXNativeTarget section */
		A35DFAA428036870000D9531 /* animate */ = {
			isa = PBXNativeTarget;
			buildConfigurationList = A35DFAB928036873000D9531 /* Build configuration list for PBXNativeTarget "animate" */;
			buildPhases = (
				A35DFAA128036870000D9531 /* Sources */,
				A35DFAA228036870000D9531 /* Frameworks */,
				A35DFAA328036870000D9531 /* Resources */,
			);
			buildRules = (
			);
			dependencies = (
			);
			name = animate;
			productName = animate;
			productReference = A35DFAA528036870000D9531 /* animate.app */;
			productType = "com.apple.product-type.application";
		};
/* End PBXNativeTarget section */

/* Begin PBXProject section */
		A35DFA9D28036870000D9531 /* Project object */ = {
			isa = PBXProject;
			attributes = {
				BuildIndependentTargetsInParallel = 1;
				LastSwiftUpdateCheck = 1330;
				LastUpgradeCheck = 1330;
				TargetAttributes = {
					A35DFAA428036870000D9531 = {
						CreatedOnToolsVersion = 13.3;
					};
				};
			};
			buildConfigurationList = A35DFAA028036870000D9531 /* Build configuration list for PBXProject "animate" */;
			compatibilityVersion = "Xcode 13.0";
			developmentRegion = en;
			hasScannedForEncodings = 0;
			knownRegions = (
				en,
				Base,
			);
			mainGroup = A35DFA9C28036870000D9531;
			productRefGroup = A35DFAA628036870000D9531 /* Products */;
			projectDirPath = "";
			projectRoot = "";
			targets = (
				A35DFAA428036870000D9531 /* animate */,
			);
		};
/* End PBXProject section */

/* Begin PBXResourcesBuildPhase section */
		A35DFAA328036870000D9531 /* Resources */ = {
			isa = PBXResourcesBuildPhase;
			buildActionMask = 2147483647;
			files = (
				A35DFACD2803691B000D9531 /* PlanetViewCell.xib in Resources */,
				A35DFAB528036873000D9531 /* LaunchScreen.storyboard in Resources */,
				A35DFAB228036873000D9531 /* Assets.xcassets in Resources */,
				A35DFAB028036870000D9531 /* Main.storyboard in Resources */,
			);
			runOnlyForDeploymentPostprocessing = 0;
		};
/* End PBXResourcesBuildPhase section */

/* Begin PBXSourcesBuildPhase section */
		A35DFAA128036870000D9531 /* Sources */ = {
			isa = PBXSourcesBuildPhase;
			buildActionMask = 2147483647;
			files = (
				A35DFABD28036894000D9531 /* AnimateMaanger.swift in Sources */,
				A35DFAC8280368EB000D9531 /* PlanetDetailsViewController.swift in Sources */,
				A35DFAD128036951000D9531 /* Planet.swift in Sources */,
				A35DFAC2280368BA000D9531 /* PlanetsViewController.swift in Sources */,
				A35DFAA928036870000D9531 /* AppDelegate.swift in Sources */,
				A35DFAD3280369BE000D9531 /* PlanetViewModel.swift in Sources */,
				A35DFABF280368A4000D9531 /* PlanetTransitionable.swift in Sources */,
				A35DFACF28036947000D9531 /* PlanetViewCell.swift in Sources */,
				A35DFAAB28036870000D9531 /* SceneDelegate.swift in Sources */,
			);
			runOnlyForDeploymentPostprocessing = 0;
		};
/* End PBXSourcesBuildPhase section */

/* Begin PBXVariantGroup section */
		A35DFAAE28036870000D9531 /* Main.storyboard */ = {
			isa = PBXVariantGroup;
			children = (
				A35DFAAF28036870000D9531 /* Base */,
			);
			name = Main.storyboard;
			sourceTree = "<group>";
		};
		A35DFAB328036873000D9531 /* LaunchScreen.storyboard */ = {
			isa = PBXVariantGroup;
			children = (
				A35DFAB428036873000D9531 /* Base */,
			);
			name = LaunchScreen.storyboard;
			sourceTree = "<group>";
		};
/* End PBXVariantGroup section */

/* Begin XCBuildConfiguration section */
		A35DFAB728036873000D9531 /* Debug */ = {
			isa = XCBuildConfiguration;
			buildSettings = {
				ALWAYS_SEARCH_USER_PATHS = NO;
				CLANG_ANALYZER_NONNULL = YES;
				CLANG_ANALYZER_NUMBER_OBJECT_CONVERSION = YES_AGGRESSIVE;
				CLANG_CXX_LANGUAGE_STANDARD = "gnu++17";
				CLANG_ENABLE_MODULES = YES;
				CLANG_ENABLE_OBJC_ARC = YES;
				CLANG_ENABLE_OBJC_WEAK = YES;
				CLANG_WARN_BLOCK_CAPTURE_AUTORELEASING = YES;
				CLANG_WARN_BOOL_CONVERSION = YES;
				CLANG_WARN_COMMA = YES;
				CLANG_WARN_CONSTANT_CONVERSION = YES;
				CLANG_WARN_DEPRECATED_OBJC_IMPLEMENTATIONS = YES;
				CLANG_WARN_DIRECT_OBJC_ISA_USAGE = YES_ERROR;
				CLANG_WARN_DOCUMENTATION_COMMENTS = YES;
				CLANG_WARN_EMPTY_BODY = YES;
				CLANG_WARN_ENUM_CONVERSION = YES;
				CLANG_WARN_INFINITE_RECURSION = YES;
				CLANG_WARN_INT_CONVERSION = YES;
				CLANG_WARN_NON_LITERAL_NULL_CONVERSION = YES;
				CLANG_WARN_OBJC_IMPLICIT_RETAIN_SELF = YES;
				CLANG_WARN_OBJC_LITERAL_CONVERSION = YES;
				CLANG_WARN_OBJC_ROOT_CLASS = YES_ERROR;
				CLANG_WARN_QUOTED_INCLUDE_IN_FRAMEWORK_HEADER = YES;
				CLANG_WARN_RANGE_LOOP_ANALYSIS = YES;
				CLANG_WARN_STRICT_PROTOTYPES = YES;
				CLANG_WARN_SUSPICIOUS_MOVE = YES;
				CLANG_WARN_UNGUARDED_AVAILABILITY = YES_AGGRESSIVE;
				CLANG_WARN_UNREACHABLE_CODE = YES;
				CLANG_WARN__DUPLICATE_METHOD_MATCH = YES;
				COPY_PHASE_STRIP = NO;
				DEBUG_INFORMATION_FORMAT = dwarf;
				ENABLE_STRICT_OBJC_MSGSEND = YES;
				ENABLE_TESTABILITY = YES;
				GCC_C_LANGUAGE_STANDARD = gnu11;
				GCC_DYNAMIC_NO_PIC = NO;
				GCC_NO_COMMON_BLOCKS = YES;
				GCC_OPTIMIZATION_LEVEL = 0;
				GCC_PREPROCESSOR_DEFINITIONS = (
					"DEBUG=1",
					"$(inherited)",
				);
				GCC_WARN_64_TO_32_BIT_CONVERSION = YES;
				GCC_WARN_ABOUT_RETURN_TYPE = YES_ERROR;
				GCC_WARN_UNDECLARED_SELECTOR = YES;
				GCC_WARN_UNINITIALIZED_AUTOS = YES_AGGRESSIVE;
				GCC_WARN_UNUSED_FUNCTION = YES;
				GCC_WARN_UNUSED_VARIABLE = YES;
				IPHONEOS_DEPLOYMENT_TARGET = 15.4;
				MTL_ENABLE_DEBUG_INFO = INCLUDE_SOURCE;
				MTL_FAST_MATH = YES;
				ONLY_ACTIVE_ARCH = YES;
				SDKROOT = iphoneos;
				SWIFT_ACTIVE_COMPILATION_CONDITIONS = DEBUG;
				SWIFT_OPTIMIZATION_LEVEL = "-Onone";
			};
			name = Debug;
		};
		A35DFAB828036873000D9531 /* Release */ = {
			isa = XCBuildConfiguration;
			buildSettings = {
				ALWAYS_SEARCH_USER_PATHS = NO;
				CLANG_ANALYZER_NONNULL = YES;
				CLANG_ANALYZER_NUMBER_OBJECT_CONVERSION = YES_AGGRESSIVE;
				CLANG_CXX_LANGUAGE_STANDARD = "gnu++17";
				CLANG_ENABLE_MODULES = YES;
				CLANG_ENABLE_OBJC_ARC = YES;
				CLANG_ENABLE_OBJC_WEAK = YES;
				CLANG_WARN_BLOCK_CAPTURE_AUTORELEASING = YES;
				CLANG_WARN_BOOL_CONVERSION = YES;
				CLANG_WARN_COMMA = YES;
				CLANG_WARN_CONSTANT_CONVERSION = YES;
				CLANG_WARN_DEPRECATED_OBJC_IMPLEMENTATIONS = YES;
				CLANG_WARN_DIRECT_OBJC_ISA_USAGE = YES_ERROR;
				CLANG_WARN_DOCUMENTATION_COMMENTS = YES;
				CLANG_WARN_EMPTY_BODY = YES;
				CLANG_WARN_ENUM_CONVERSION = YES;
				CLANG_WARN_INFINITE_RECURSION = YES;
				CLANG_WARN_INT_CONVERSION = YES;
				CLANG_WARN_NON_LITERAL_NULL_CONVERSION = YES;
				CLANG_WARN_OBJC_IMPLICIT_RETAIN_SELF = YES;
				CLANG_WARN_OBJC_LITERAL_CONVERSION = YES;
				CLANG_WARN_OBJC_ROOT_CLASS = YES_ERROR;
				CLANG_WARN_QUOTED_INCLUDE_IN_FRAMEWORK_HEADER = YES;
				CLANG_WARN_RANGE_LOOP_ANALYSIS = YES;
				CLANG_WARN_STRICT_PROTOTYPES = YES;
				CLANG_WARN_SUSPICIOUS_MOVE = YES;
				CLANG_WARN_UNGUARDED_AVAILABILITY = YES_AGGRESSIVE;
				CLANG_WARN_UNREACHABLE_CODE = YES;
				CLANG_WARN__DUPLICATE_METHOD_MATCH = YES;
				COPY_PHASE_STRIP = NO;
				DEBUG_INFORMATION_FORMAT = "dwarf-with-dsym";
				ENABLE_NS_ASSERTIONS = NO;
				ENABLE_STRICT_OBJC_MSGSEND = YES;
				GCC_C_LANGUAGE_STANDARD = gnu11;
				GCC_NO_COMMON_BLOCKS = YES;
				GCC_WARN_64_TO_32_BIT_CONVERSION = YES;
				GCC_WARN_ABOUT_RETURN_TYPE = YES_ERROR;
				GCC_WARN_UNDECLARED_SELECTOR = YES;
				GCC_WARN_UNINITIALIZED_AUTOS = YES_AGGRESSIVE;
				GCC_WARN_UNUSED_FUNCTION = YES;
				GCC_WARN_UNUSED_VARIABLE = YES;
				IPHONEOS_DEPLOYMENT_TARGET = 15.4;
				MTL_ENABLE_DEBUG_INFO = NO;
				MTL_FAST_MATH = YES;
				SDKROOT = iphoneos;
				SWIFT_COMPILATION_MODE = wholemodule;
				SWIFT_OPTIMIZATION_LEVEL = "-O";
				VALIDATE_PRODUCT = YES;
			};
			name = Release;
		};
		A35DFABA28036873000D9531 /* Debug */ = {
			isa = XCBuildConfiguration;
			buildSettings = {
				ASSETCATALOG_COMPILER_APPICON_NAME = AppIcon;
				ASSETCATALOG_COMPILER_GLOBAL_ACCENT_COLOR_NAME = AccentColor;
				CODE_SIGN_STYLE = Automatic;
				CURRENT_PROJECT_VERSION = 1;
				DEVELOPMENT_TEAM = SB3B62C7R7;
				GENERATE_INFOPLIST_FILE = YES;
				INFOPLIST_FILE = animate/Resources/Info.plist;
				INFOPLIST_KEY_UIApplicationSupportsIndirectInputEvents = YES;
				INFOPLIST_KEY_UILaunchStoryboardName = LaunchScreen;
				INFOPLIST_KEY_UIMainStoryboardFile = Main;
				INFOPLIST_KEY_UISupportedInterfaceOrientations_iPad = "UIInterfaceOrientationPortrait UIInterfaceOrientationPortraitUpsideDown UIInterfaceOrientationLandscapeLeft UIInterfaceOrientationLandscapeRight";
				INFOPLIST_KEY_UISupportedInterfaceOrientations_iPhone = "UIInterfaceOrientationPortrait UIInterfaceOrientationLandscapeLeft UIInterfaceOrientationLandscapeRight";
				LD_RUNPATH_SEARCH_PATHS = (
					"$(inherited)",
					"@executable_path/Frameworks",
				);
				MARKETING_VERSION = 1.0;
				PRODUCT_BUNDLE_IDENTIFIER = itis.animate;
				PRODUCT_NAME = "$(TARGET_NAME)";
				SWIFT_EMIT_LOC_STRINGS = YES;
				SWIFT_VERSION = 5.0;
				TARGETED_DEVICE_FAMILY = "1,2";
			};
			name = Debug;
		};
		A35DFABB28036873000D9531 /* Release */ = {
			isa = XCBuildConfiguration;
			buildSettings = {
				ASSETCATALOG_COMPILER_APPICON_NAME = AppIcon;
				ASSETCATALOG_COMPILER_GLOBAL_ACCENT_COLOR_NAME = AccentColor;
				CODE_SIGN_STYLE = Automatic;
				CURRENT_PROJECT_VERSION = 1;
				DEVELOPMENT_TEAM = SB3B62C7R7;
				GENERATE_INFOPLIST_FILE = YES;
				INFOPLIST_FILE = animate/Resources/Info.plist;
				INFOPLIST_KEY_UIApplicationSupportsIndirectInputEvents = YES;
				INFOPLIST_KEY_UILaunchStoryboardName = LaunchScreen;
				INFOPLIST_KEY_UIMainStoryboardFile = Main;
				INFOPLIST_KEY_UISupportedInterfaceOrientations_iPad = "UIInterfaceOrientationPortrait UIInterfaceOrientationPortraitUpsideDown UIInterfaceOrientationLandscapeLeft UIInterfaceOrientationLandscapeRight";
				INFOPLIST_KEY_UISupportedInterfaceOrientations_iPhone = "UIInterfaceOrientationPortrait UIInterfaceOrientationLandscapeLeft UIInterfaceOrientationLandscapeRight";
				LD_RUNPATH_SEARCH_PATHS = (
					"$(inherited)",
					"@executable_path/Frameworks",
				);
				MARKETING_VERSION = 1.0;
				PRODUCT_BUNDLE_IDENTIFIER = itis.animate;
				PRODUCT_NAME = "$(TARGET_NAME)";
				SWIFT_EMIT_LOC_STRINGS = YES;
				SWIFT_VERSION = 5.0;
				TARGETED_DEVICE_FAMILY = "1,2";
			};
			name = Release;
		};
/* End XCBuildConfiguration section */

/* Begin XCConfigurationList section */
		A35DFAA028036870000D9531 /* Build configuration list for PBXProject "animate" */ = {
			isa = XCConfigurationList;
			buildConfigurations = (
				A35DFAB728036873000D9531 /* Debug */,
				A35DFAB828036873000D9531 /* Release */,
			);
			defaultConfigurationIsVisible = 0;
			defaultConfigurationName = Release;
		};
		A35DFAB928036873000D9531 /* Build configuration list for PBXNativeTarget "animate" */ = {
			isa = XCConfigurationList;
			buildConfigurations = (
				A35DFABA28036873000D9531 /* Debug */,
				A35DFABB28036873000D9531 /* Release */,
			);
			defaultConfigurationIsVisible = 0;
			defaultConfigurationName = Release;
		};
/* End XCConfigurationList section */
	};
	rootObject = A35DFA9D28036870000D9531 /* Project object */;
}
